
Microsoft Visual Studio Solution File, Format Version 12.00
# Visual Studio 15
VisualStudioVersion = 15.0.28010.2041
MinimumVisualStudioVersion = 10.0.40219.1
Project("{FAE04EC0-301F-11D3-BF4B-00C04F79EFBC}") = "NalaApplication", "NalaApplication\NalaApplication.csproj", "{7D43CAEB-906D-48F0-A465-78595A152EA5}"
EndProject
Global
	GlobalSection(SolutionConfigurationPlatforms) = preSolution
		Debug|Any CPU = Debug|Any CPU
		Release|Any CPU = Release|Any CPU
	EndGlobalSection
	GlobalSection(ProjectConfigurationPlatforms) = postSolution
		{7D43CAEB-906D-48F0-A465-78595A152EA5}.Debug|Any CPU.ActiveCfg = Debug|Any CPU
		{7D43CAEB-906D-48F0-A465-78595A152EA5}.Debug|Any CPU.Build.0 = Debug|Any CPU
		{7D43CAEB-906D-48F0-A465-78595A152EA5}.Release|Any CPU.ActiveCfg = Release|Any CPU
		{7D43CAEB-906D-48F0-A465-78595A152EA5}.Release|Any CPU.Build.0 = Release|Any CPU
	EndGlobalSection
	GlobalSection(SolutionProperties) = preSolution
		HideSolutionNode = FALSE
	EndGlobalSection
	GlobalSection(ExtensibilityGlobals) = postSolution
		SolutionGuid = {C7275E8F-0C70-42A2-BEF9-D18704C301CA}
	EndGlobalSection
EndGlobal
