{
  "requires": true,
  "lockfileVersion": 1,
  "dependencies": {
    "angular-bootstrap-md": {
      "version": "6.2.6",
      "resolved": "https://registry.npmjs.org/angular-bootstrap-md/-/angular-bootstrap-md-6.2.6.tgz",
      "integrity": "sha512-w3kxXXFhW60E2F5LHF1ogX7OVq/x/bGXicCtp8CxH6i9oilVLwOjOT2QedF4sbYw32UWk3EUgveI08zE72NCRQ=="
    }
  }
}
